{
  "name": "@thieung/pi-profile-manager",
  "version": "1.2.0",
  "lockfileVersion": 3,
  "requires": true,
  "packages": {
    "": {
      "name": "@thieung/pi-profile-manager",
      "version": "1.2.0",
      "license": "MIT",
      "bin": {
        "pi-profile-manager": "bin/pi-profile-manager.mjs",
        "ppm-bootstrap": "bin/pi-profile-manager.mjs"
      },
      "engines": {
        "node": ">=22"
      }
    }
  }
}
